
Microsoft Visual Studio Solution File, Format Version 12.00
# Visual Studio Version 17
VisualStudioVersion = 17.11.35219.272
MinimumVisualStudioVersion = 10.0.40219.1
Project("{FAE04EC0-301F-11D3-BF4B-00C04F79EFBC}") = "ThePigGame", "ThePigGame.csproj", "{33D88CE7-D557-43BD-930A-E05A9484EDBF}"
EndProject
Global
	GlobalSection(SolutionConfigurationPlatforms) = preSolution
		Debug|Any CPU = Debug|Any CPU
		Release|Any CPU = Release|Any CPU
	EndGlobalSection
	GlobalSection(ProjectConfigurationPlatforms) = postSolution
		{33D88CE7-D557-43BD-930A-E05A9484EDBF}.Debug|Any CPU.ActiveCfg = Debug|Any CPU
		{33D88CE7-D557-43BD-930A-E05A9484EDBF}.Debug|Any CPU.Build.0 = Debug|Any CPU
		{33D88CE7-D557-43BD-930A-E05A9484EDBF}.Release|Any CPU.ActiveCfg = Release|Any CPU
		{33D88CE7-D557-43BD-930A-E05A9484EDBF}.Release|Any CPU.Build.0 = Release|Any CPU
	EndGlobalSection
	GlobalSection(SolutionProperties) = preSolution
		HideSolutionNode = FALSE
	EndGlobalSection
	GlobalSection(ExtensibilityGlobals) = postSolution
		SolutionGuid = {B7D95163-7A87-4277-BDBF-86071BDFCA62}
	EndGlobalSection
EndGlobal
